Microsoft Visual Studio Solution File, Format Version 12.00
# Visual Studio Version 17
VisualStudioVersion = 17.14.37012.4
MinimumVisualStudioVersion = 10.0.40219.1
Project("{9A19103F-16F7-4668-BE54-9A1E7A4F7556}") = "Frmviewer", "Frmviewer\Frmviewer.csproj", "{F5B3CE45-D787-491D-99BF-11A055789222}"
EndProject
Project("{FAE04EC0-301F-11D3-BF4B-00C04F79EFBC}") = "FOCommon", "..\FOCommon\FOCommon.csproj", "{D53538FB-D9E6-4FE7-9E19-E2EF4330D81E}"
EndProject
Global
	GlobalSection(SolutionConfigurationPlatforms) = preSolution
		Debug|Any CPU = Debug|Any CPU
		Release|Any CPU = Release|Any CPU
	EndGlobalSection
	GlobalSection(ProjectConfigurationPlatforms) = postSolution
		{F5B3CE45-D787-491D-99BF-11A055789222}.Debug|Any CPU.ActiveCfg = Debug|Any CPU
		{F5B3CE45-D787-491D-99BF-11A055789222}.Debug|Any CPU.Build.0 = Debug|Any CPU
		{F5B3CE45-D787-491D-99BF-11A055789222}.Release|Any CPU.ActiveCfg = Release|Any CPU
		{F5B3CE45-D787-491D-99BF-11A055789222}.Release|Any CPU.Build.0 = Release|Any CPU
		{D53538FB-D9E6-4FE7-9E19-E2EF4330D81E}.Debug|Any CPU.ActiveCfg = Debug|Any CPU
		{D53538FB-D9E6-4FE7-9E19-E2EF4330D81E}.Debug|Any CPU.Build.0 = Debug|Any CPU
		{D53538FB-D9E6-4FE7-9E19-E2EF4330D81E}.Release|Any CPU.ActiveCfg = Release|Any CPU
		{D53538FB-D9E6-4FE7-9E19-E2EF4330D81E}.Release|Any CPU.Build.0 = Release|Any CPU
	EndGlobalSection
	GlobalSection(SolutionProperties) = preSolution
		HideSolutionNode = FALSE
	EndGlobalSection
EndGlobal
