Microsoft Visual Studio Solution File, Format Version 12.00
# Visual Studio Version 17
VisualStudioVersion = 17.14.37012.4 d17.14
MinimumVisualStudioVersion = 10.0.40219.1
Project("{9A19103F-16F7-4668-BE54-9A1E7A4F7556}") = "ObjectEditor", "ObjectEditor.csproj", "{AB7DB8FC-4F78-483D-B914-1B9DA55E273F}"
EndProject
Project("{FAE04EC0-301F-11D3-BF4B-00C04F79EFBC}") = "DATLib", "..\DATLib\DATLib.csproj", "{CAD53BCA-DC4B-4BDD-8199-5CD640C47CC1}"
EndProject
Project("{FAE04EC0-301F-11D3-BF4B-00C04F79EFBC}") = "FOCommon", "..\FOCommon\FOCommon.csproj", "{D53538FB-D9E6-4FE7-9E19-E2EF4330D81E}"
EndProject
Project("{FAE04EC0-301F-11D3-BF4B-00C04F79EFBC}") = "ScriptHost", "..\ScriptHost\ScriptHost.csproj", "{C3A00B4A-96DC-436F-8F7B-C0D71D644545}"
EndProject
Global
	GlobalSection(SolutionConfigurationPlatforms) = preSolution
		Debug|Any CPU = Debug|Any CPU
		Release|Any CPU = Release|Any CPU
	EndGlobalSection
	GlobalSection(ProjectConfigurationPlatforms) = postSolution
		{AB7DB8FC-4F78-483D-B914-1B9DA55E273F}.Debug|Any CPU.ActiveCfg = Debug|Any CPU
		{AB7DB8FC-4F78-483D-B914-1B9DA55E273F}.Debug|Any CPU.Build.0 = Debug|Any CPU
		{AB7DB8FC-4F78-483D-B914-1B9DA55E273F}.Release|Any CPU.ActiveCfg = Release|Any CPU
		{AB7DB8FC-4F78-483D-B914-1B9DA55E273F}.Release|Any CPU.Build.0 = Release|Any CPU
		{CAD53BCA-DC4B-4BDD-8199-5CD640C47CC1}.Debug|Any CPU.ActiveCfg = Debug|Any CPU
		{CAD53BCA-DC4B-4BDD-8199-5CD640C47CC1}.Debug|Any CPU.Build.0 = Debug|Any CPU
		{CAD53BCA-DC4B-4BDD-8199-5CD640C47CC1}.Release|Any CPU.ActiveCfg = Release|Any CPU
		{CAD53BCA-DC4B-4BDD-8199-5CD640C47CC1}.Release|Any CPU.Build.0 = Release|Any CPU
		{D53538FB-D9E6-4FE7-9E19-E2EF4330D81E}.Debug|Any CPU.ActiveCfg = Debug|Any CPU
		{D53538FB-D9E6-4FE7-9E19-E2EF4330D81E}.Debug|Any CPU.Build.0 = Debug|Any CPU
		{D53538FB-D9E6-4FE7-9E19-E2EF4330D81E}.Release|Any CPU.ActiveCfg = Release|Any CPU
		{D53538FB-D9E6-4FE7-9E19-E2EF4330D81E}.Release|Any CPU.Build.0 = Release|Any CPU
		{C3A00B4A-96DC-436F-8F7B-C0D71D644545}.Debug|Any CPU.ActiveCfg = Debug|Any CPU
		{C3A00B4A-96DC-436F-8F7B-C0D71D644545}.Debug|Any CPU.Build.0 = Debug|Any CPU
		{C3A00B4A-96DC-436F-8F7B-C0D71D644545}.Release|Any CPU.ActiveCfg = Release|Any CPU
		{C3A00B4A-96DC-436F-8F7B-C0D71D644545}.Release|Any CPU.Build.0 = Release|Any CPU
	EndGlobalSection
	GlobalSection(SolutionProperties) = preSolution
		HideSolutionNode = FALSE
	EndGlobalSection
EndGlobal
